// !$*UTF8*$!
{
	archiveVersion = 1;
	classes = {
	};
	objectVersion = 46;
	objects = {

/* Begin PBXBuildFile section */
		67883F541EF796E60030FAA2 /* AppDelegate.swift in Sources */ = {isa = PBXBuildFile; fileRef = 67883F531EF796E60030FAA2 /* AppDelegate.swift */; };
		67883F561EF796E60030FAA2 /* ViewController.swift in Sources */ = {isa = PBXBuildFile; fileRef = 67883F551EF796E60030FAA2 /* ViewController.swift */; };
		67883F591EF796E60030FAA2 /* Main.storyboard in Resources */ = {isa = PBXBuildFile; fileRef = 67883F571EF796E60030FAA2 /* Main.storyboard */; };
		67883F5B1EF796E60030FAA2 /* Assets.xcassets in Resources */ = {isa = PBXBuildFile; fileRef = 67883F5A1EF796E60030FAA2 /* Assets.xcassets */; };
		67883F5E1EF796E60030FAA2 /* LaunchScreen.storyboard in Resources */ = {isa = PBXBuildFile; fileRef = 67883F5C1EF796E60030FAA2 /* LaunchScreen.storyboard */; };
		67883F661EF797050030FAA2 /* DropDownMenu.swift in Sources */ = {isa = PBXBuildFile; fileRef = 67883F651EF797050030FAA2 /* DropDownMenu.swift */; };
/* End PBXBuildFile section */

/* Begin PBXFileReference section */
		67883F501EF796E60030FAA2 /* DropDownMenu.app */ = {isa = PBXFileReference; explicitFileType = wrapper.application; includeInIndex = 0; path = DropDownMenu.app; sourceTree = BUILT_PRODUCTS_DIR; };
		67883F531EF796E60030FAA2 /* AppDelegate.swift */ = {isa = PBXFileReference; lastKnownFileType = sourcecode.swift; path = AppDelegate.swift; sourceTree = "<group>"; };
		67883F551EF796E60030FAA2 /* ViewController.swift */ = {isa = PBXFileReference; lastKnownFileType = sourcecode.swift; path = ViewController.swift; sourceTree = "<group>"; };
		67883F581EF796E60030FAA2 /* Base */ = {isa = PBXFileReference; lastKnownFileType = file.storyboard; name = Base; path = Base.lproj/Main.storyboard; sourceTree = "<group>"; };
		67883F5A1EF796E60030FAA2 /* Assets.xcassets */ = {isa = PBXFileReference; lastKnownFileType = folder.assetcatalog; path = Assets.xcassets; sourceTree = "<group>"; };
		67883F5D1EF796E60030FAA2 /* Base */ = {isa = PBXFileReference; lastKnownFileType = file.storyboard; name = Base; path = Base.lproj/LaunchScreen.storyboard; sourceTree = "<group>"; };
		67883F5F1EF796E60030FAA2 /* Info.plist */ = {isa = PBXFileReference; lastKnownFileType = text.plist.xml; path = Info.plist; sourceTree = "<group>"; };
		67883F651EF797050030FAA2 /* DropDownMenu.swift */ = {isa = PBXFileReference; fileEncoding = 4; lastKnownFileType = sourcecode.swift; path = DropDownMenu.swift; sourceTree = "<group>"; };
/* End PBXFileReference section */

/* Begin PBXFrameworksBuildPhase section */
		67883F4D1EF796E60030FAA2 /* Frameworks */ = {
			isa = PBXFrameworksBuildPhase;
			buildActionMask = 2147483647;
			files = (
			);
			runOnlyForDeploymentPostprocessing = 0;
		};
/* End PBXFrameworksBuildPhase section */

/* Begin PBXGroup section */
		67883F471EF796E60030FAA2 = {
			isa = PBXGroup;
			children = (
				67883F521EF796E60030FAA2 /* DropDownMenu */,
				67883F511EF796E60030FAA2 /* Products */,
			);
			sourceTree = "<group>";
		};
		67883F511EF796E60030FAA2 /* Products */ = {
			isa = PBXGroup;
			children = (
				67883F501EF796E60030FAA2 /* DropDownMenu.app */,
			);
			name = Products;
			sourceTree = "<group>";
		};
		67883F521EF796E60030FAA2 /* DropDownMenu */ = {
			isa = PBXGroup;
			children = (
				67883F531EF796E60030FAA2 /* AppDelegate.swift */,
				67883F651EF797050030FAA2 /* DropDownMenu.swift */,
				67883F551EF796E60030FAA2 /* ViewController.swift */,
				67883F571EF796E60030FAA2 /* Main.storyboard */,
				67883F5A1EF796E60030FAA2 /* Assets.xcassets */,
				67883F5C1EF796E60030FAA2 /* LaunchScreen.storyboard */,
				67883F5F1EF796E60030FAA2 /* Info.plist */,
			);
			path = DropDownMenu;
			sourceTree = "<group>";
		};
/* End PBXGroup section */

/* Begin PBXNativeTarget section */
		67883F4F1EF796E60030FAA2 /* DropDownMenu */ = {
			isa = PBXNativeTarget;
			buildConfigurationList = 67883F621EF796E60030FAA2 /* Build configuration list for PBXNativeTarget "DropDownMenu" */;
			buildPhases = (
				67883F4C1EF796E60030FAA2 /* Sources */,
				67883F4D1EF796E60030FAA2 /* Frameworks */,
				67883F4E1EF796E60030FAA2 /* Resources */,
			);
			buildRules = (
			);
			dependencies = (
			);
			name = DropDownMenu;
			productName = DropDownMenu;
			productReference = 67883F501EF796E60030FAA2 /* DropDownMenu.app */;
			productType = "com.apple.product-type.application";
		};
/* End PBXNativeTarget section */

/* Begin PBXProject section */
		67883F481EF796E60030FAA2 /* Project object */ = {
			isa = PBXProject;
			attributes = {
				LastSwiftUpdateCheck = 0830;
				LastUpgradeCheck = 0830;
				ORGANIZATIONNAME = Dmitry;
				TargetAttributes = {
					67883F4F1EF796E60030FAA2 = {
						CreatedOnToolsVersion = 8.3;
						DevelopmentTeam = LRM98E7ZJM;
						ProvisioningStyle = Automatic;
					};
				};
			};
			buildConfigurationList = 67883F4B1EF796E60030FAA2 /* Build configuration list for PBXProject "DropDownMenu" */;
			compatibilityVersion = "Xcode 3.2";
			developmentRegion = English;
			hasScannedForEncodings = 0;
			knownRegions = (
				en,
				Base,
			);
			mainGroup = 67883F471EF796E60030FAA2;
			productRefGroup = 67883F511EF796E60030FAA2 /* Products */;
			projectDirPath = "";
			projectRoot = "";
			targets = (
				67883F4F1EF796E60030FAA2 /* DropDownMenu */,
			);
		};
/* End PBXProject section */

/* Begin PBXResourcesBuildPhase section */
		67883F4E1EF796E60030FAA2 /* Resources */ = {
			isa = PBXResourcesBuildPhase;
			buildActionMask = 2147483647;
			files = (
				67883F5E1EF796E60030FAA2 /* LaunchScreen.storyboard in Resources */,
				67883F5B1EF796E60030FAA2 /* Assets.xcassets in Resources */,
				67883F591EF796E60030FAA2 /* Main.storyboard in Resources */,
			);
			runOnlyForDeploymentPostprocessing = 0;
		};
/* End PBXResourcesBuildPhase section */

/* Begin PBXSourcesBuildPhase section */
		67883F4C1EF796E60030FAA2 /* Sources */ = {
			isa = PBXSourcesBuildPhase;
			buildActionMask = 2147483647;
			files = (
				67883F561EF796E60030FAA2 /* ViewController.swift in Sources */,
				67883F541EF796E60030FAA2 /* AppDelegate.swift in Sources */,
				67883F661EF797050030FAA2 /* DropDownMenu.swift in Sources */,
			);
			runOnlyForDeploymentPostprocessing = 0;
		};
/* End PBXSourcesBuildPhase section */

/* Begin PBXVariantGroup section */
		67883F571EF796E60030FAA2 /* Main.storyboard */ = {
			isa = PBXVariantGroup;
			children = (
				67883F581EF796E60030FAA2 /* Base */,
			);
			name = Main.storyboard;
			sourceTree = "<group>";
		};
		67883F5C1EF796E60030FAA2 /* LaunchScreen.storyboard */ = {
			isa = PBXVariantGroup;
			children = (
				67883F5D1EF796E60030FAA2 /* Base */,
			);
			name = LaunchScreen.storyboard;
			sourceTree = "<group>";
		};
/* End PBXVariantGroup section */

/* Begin XCBuildConfiguration section */
		67883F601EF796E60030FAA2 /* Debug */ = {
			isa = XCBuildConfiguration;
			buildSettings = {
				ALWAYS_SEARCH_USER_PATHS = NO;
				CLANG_ANALYZER_NONNULL = YES;
				CLANG_ANALYZER_NUMBER_OBJECT_CONVERSION = YES_AGGRESSIVE;
				CLANG_CXX_LANGUAGE_STANDARD = "gnu++0x";
				CLANG_CXX_LIBRARY = "libc++";
				CLANG_ENABLE_MODULES = YES;
				CLANG_ENABLE_OBJC_ARC = YES;
				CLANG_WARN_BOOL_CONVERSION = YES;
				CLANG_WARN_CONSTANT_CONVERSION = YES;
				CLANG_WARN_DIRECT_OBJC_ISA_USAGE = YES_ERROR;
				CLANG_WARN_DOCUMENTATION_COMMENTS = YES;
				CLANG_WARN_EMPTY_BODY = YES;
				CLANG_WARN_ENUM_CONVERSION = YES;
				CLANG_WARN_INFINITE_RECURSION = YES;
				CLANG_WARN_INT_CONVERSION = YES;
				CLANG_WARN_OBJC_ROOT_CLASS = YES_ERROR;
				CLANG_WARN_SUSPICIOUS_MOVE = YES;
				CLANG_WARN_UNREACHABLE_CODE = YES;
				CLANG_WARN__DUPLICATE_METHOD_MATCH = YES;
				"CODE_SIGN_IDENTITY[sdk=iphoneos*]" = "iPhone Developer";
				COPY_PHASE_STRIP = NO;
				DEBUG_INFORMATION_FORMAT = dwarf;
				ENABLE_STRICT_OBJC_MSGSEND = YES;
				ENABLE_TESTABILITY = YES;
				GCC_C_LANGUAGE_STANDARD = gnu99;
				GCC_DYNAMIC_NO_PIC = NO;
				GCC_NO_COMMON_BLOCKS = YES;
				GCC_OPTIMIZATION_LEVEL = 0;
				GCC_PREPROCESSOR_DEFINITIONS = (
					"DEBUG=1",
					"$(inherited)",
				);
				GCC_WARN_64_TO_32_BIT_CONVERSION = YES;
				GCC_WARN_ABOUT_RETURN_TYPE = YES_ERROR;
				GCC_WARN_UNDECLARED_SELECTOR = YES;
				GCC_WARN_UNINITIALIZED_AUTOS = YES_AGGRESSIVE;
				GCC_WARN_UNUSED_FUNCTION = YES;
				GCC_WARN_UNUSED_VARIABLE = YES;
				IPHONEOS_DEPLOYMENT_TARGET = 10.3;
				MTL_ENABLE_DEBUG_INFO = YES;
				ONLY_ACTIVE_ARCH = YES;
				SDKROOT = iphoneos;
				SWIFT_ACTIVE_COMPILATION_CONDITIONS = DEBUG;
				SWIFT_OPTIMIZATION_LEVEL = "-Onone";
			};
			name = Debug;
		};
		67883F611EF796E60030FAA2 /* Release */ = {
			isa = XCBuildConfiguration;
			buildSettings = {
				ALWAYS_SEARCH_USER_PATHS = NO;
				CLANG_ANALYZER_NONNULL = YES;
				CLANG_ANALYZER_NUMBER_OBJECT_CONVERSION = YES_AGGRESSIVE;
				CLANG_CXX_LANGUAGE_STANDARD = "gnu++0x";
				CLANG_CXX_LIBRARY = "libc++";
				CLANG_ENABLE_MODULES = YES;
				CLANG_ENABLE_OBJC_ARC = YES;
				CLANG_WARN_BOOL_CONVERSION = YES;
				CLANG_WARN_CONSTANT_CONVERSION = YES;
				CLANG_WARN_DIRECT_OBJC_ISA_USAGE = YES_ERROR;
				CLANG_WARN_DOCUMENTATION_COMMENTS = YES;
				CLANG_WARN_EMPTY_BODY = YES;
				CLANG_WARN_ENUM_CONVERSION = YES;
				CLANG_WARN_INFINITE_RECURSION = YES;
				CLANG_WARN_INT_CONVERSION = YES;
				CLANG_WARN_OBJC_ROOT_CLASS = YES_ERROR;
				CLANG_WARN_SUSPICIOUS_MOVE = YES;
				CLANG_WARN_UNREACHABLE_CODE = YES;
				CLANG_WARN__DUPLICATE_METHOD_MATCH = YES;
				"CODE_SIGN_IDENTITY[sdk=iphoneos*]" = "iPhone Developer";
				COPY_PHASE_STRIP = NO;
				DEBUG_INFORMATION_FORMAT = "dwarf-with-dsym";
				ENABLE_NS_ASSERTIONS = NO;
				ENABLE_STRICT_OBJC_MSGSEND = YES;
				GCC_C_LANGUAGE_STANDARD = gnu99;
				GCC_NO_COMMON_BLOCKS = YES;
				GCC_WARN_64_TO_32_BIT_CONVERSION = YES;
				GCC_WARN_ABOUT_RETURN_TYPE = YES_ERROR;
				GCC_WARN_UNDECLARED_SELECTOR = YES;
				GCC_WARN_UNINITIALIZED_AUTOS = YES_AGGRESSIVE;
				GCC_WARN_UNUSED_FUNCTION = YES;
				GCC_WARN_UNUSED_VARIABLE = YES;
				IPHONEOS_DEPLOYMENT_TARGET = 10.3;
				MTL_ENABLE_DEBUG_INFO = NO;
				SDKROOT = iphoneos;
				SWIFT_OPTIMIZATION_LEVEL = "-Owholemodule";
				VALIDATE_PRODUCT = YES;
			};
			name = Release;
		};
		67883F631EF796E60030FAA2 /* Debug */ = {
			isa = XCBuildConfiguration;
			buildSettings = {
				ASSETCATALOG_COMPILER_APPICON_NAME = AppIcon;
				DEVELOPMENT_TEAM = LRM98E7ZJM;
				INFOPLIST_FILE = DropDownMenu/Info.plist;
				LD_RUNPATH_SEARCH_PATHS = "$(inherited) @executable_path/Frameworks";
				PRODUCT_BUNDLE_IDENTIFIER = Dmitry.DropDownMenu;
				PRODUCT_NAME = "$(TARGET_NAME)";
				SWIFT_VERSION = 3.0;
			};
			name = Debug;
		};
		67883F641EF796E60030FAA2 /* Release */ = {
			isa = XCBuildConfiguration;
			buildSettings = {
				ASSETCATALOG_COMPILER_APPICON_NAME = AppIcon;
				DEVELOPMENT_TEAM = LRM98E7ZJM;
				INFOPLIST_FILE = DropDownMenu/Info.plist;
				LD_RUNPATH_SEARCH_PATHS = "$(inherited) @executable_path/Frameworks";
				PRODUCT_BUNDLE_IDENTIFIER = Dmitry.DropDownMenu;
				PRODUCT_NAME = "$(TARGET_NAME)";
				SWIFT_VERSION = 3.0;
			};
			name = Release;
		};
/* End XCBuildConfiguration section */

/* Begin XCConfigurationList section */
		67883F4B1EF796E60030FAA2 /* Build configuration list for PBXProject "DropDownMenu" */ = {
			isa = XCConfigurationList;
			buildConfigurations = (
				67883F601EF796E60030FAA2 /* Debug */,
				67883F611EF796E60030FAA2 /* Release */,
			);
			defaultConfigurationIsVisible = 0;
			defaultConfigurationName = Release;
		};
		67883F621EF796E60030FAA2 /* Build configuration list for PBXNativeTarget "DropDownMenu" */ = {
			isa = XCConfigurationList;
			buildConfigurations = (
				67883F631EF796E60030FAA2 /* Debug */,
				67883F641EF796E60030FAA2 /* Release */,
			);
			defaultConfigurationIsVisible = 0;
		};
/* End XCConfigurationList section */
	};
	rootObject = 67883F481EF796E60030FAA2 /* Project object */;
}
